
Microsoft Visual Studio Solution File, Format Version 12.00
# Visual Studio 15
VisualStudioVersion = 15.0.28307.329
MinimumVisualStudioVersion = 10.0.40219.1
Project("{FAE04EC0-301F-11D3-BF4B-00C04F79EFBC}") = "task1", "task1\task1.csproj", "{61E3BF58-2011-485B-8AF5-2B548859DAC6}"
EndProject
Global
	GlobalSection(SolutionConfigurationPlatforms) = preSolution
		Debug|Any CPU = Debug|Any CPU
		Release|Any CPU = Release|Any CPU
	EndGlobalSection
	GlobalSection(ProjectConfigurationPlatforms) = postSolution
		{61E3BF58-2011-485B-8AF5-2B548859DAC6}.Debug|Any CPU.ActiveCfg = Debug|Any CPU
		{61E3BF58-2011-485B-8AF5-2B548859DAC6}.Debug|Any CPU.Build.0 = Debug|Any CPU
		{61E3BF58-2011-485B-8AF5-2B548859DAC6}.Release|Any CPU.ActiveCfg = Release|Any CPU
		{61E3BF58-2011-485B-8AF5-2B548859DAC6}.Release|Any CPU.Build.0 = Release|Any CPU
	EndGlobalSection
	GlobalSection(SolutionProperties) = preSolution
		HideSolutionNode = FALSE
	EndGlobalSection
	GlobalSection(ExtensibilityGlobals) = postSolution
		SolutionGuid = {BC42104A-99C7-41C6-9310-47DB13BC207A}
	EndGlobalSection
EndGlobal
