
Microsoft Visual Studio Solution File, Format Version 12.00
# Visual Studio 15
VisualStudioVersion = 15.0.28307.329
MinimumVisualStudioVersion = 10.0.40219.1
Project("{FAE04EC0-301F-11D3-BF4B-00C04F79EFBC}") = "task3", "task3\task3.csproj", "{B2E308EA-D9AE-4E47-926C-577C3271120B}"
EndProject
Global
	GlobalSection(SolutionConfigurationPlatforms) = preSolution
		Debug|Any CPU = Debug|Any CPU
		Release|Any CPU = Release|Any CPU
	EndGlobalSection
	GlobalSection(ProjectConfigurationPlatforms) = postSolution
		{B2E308EA-D9AE-4E47-926C-577C3271120B}.Debug|Any CPU.ActiveCfg = Debug|Any CPU
		{B2E308EA-D9AE-4E47-926C-577C3271120B}.Debug|Any CPU.Build.0 = Debug|Any CPU
		{B2E308EA-D9AE-4E47-926C-577C3271120B}.Release|Any CPU.ActiveCfg = Release|Any CPU
		{B2E308EA-D9AE-4E47-926C-577C3271120B}.Release|Any CPU.Build.0 = Release|Any CPU
	EndGlobalSection
	GlobalSection(SolutionProperties) = preSolution
		HideSolutionNode = FALSE
	EndGlobalSection
	GlobalSection(ExtensibilityGlobals) = postSolution
		SolutionGuid = {CC50FA77-6612-4174-ABA6-16FBF0AAE832}
	EndGlobalSection
EndGlobal
