
Microsoft Visual Studio Solution File, Format Version 12.00
# Visual Studio 15
VisualStudioVersion = 15.0.28307.329
MinimumVisualStudioVersion = 10.0.40219.1
Project("{FAE04EC0-301F-11D3-BF4B-00C04F79EFBC}") = "task2", "task2\task2.csproj", "{BC3D3F2D-26FE-495B-B795-8C7DF3DD3382}"
EndProject
Global
	GlobalSection(SolutionConfigurationPlatforms) = preSolution
		Debug|Any CPU = Debug|Any CPU
		Release|Any CPU = Release|Any CPU
	EndGlobalSection
	GlobalSection(ProjectConfigurationPlatforms) = postSolution
		{BC3D3F2D-26FE-495B-B795-8C7DF3DD3382}.Debug|Any CPU.ActiveCfg = Debug|Any CPU
		{BC3D3F2D-26FE-495B-B795-8C7DF3DD3382}.Debug|Any CPU.Build.0 = Debug|Any CPU
		{BC3D3F2D-26FE-495B-B795-8C7DF3DD3382}.Release|Any CPU.ActiveCfg = Release|Any CPU
		{BC3D3F2D-26FE-495B-B795-8C7DF3DD3382}.Release|Any CPU.Build.0 = Release|Any CPU
	EndGlobalSection
	GlobalSection(SolutionProperties) = preSolution
		HideSolutionNode = FALSE
	EndGlobalSection
	GlobalSection(ExtensibilityGlobals) = postSolution
		SolutionGuid = {51BA6384-890B-4199-8363-BB4E39590B65}
	EndGlobalSection
EndGlobal
