
Microsoft Visual Studio Solution File, Format Version 12.00
# Visual Studio 15
VisualStudioVersion = 15.0.28307.329
MinimumVisualStudioVersion = 10.0.40219.1
Project("{FAE04EC0-301F-11D3-BF4B-00C04F79EFBC}") = "task2", "task2\task2.csproj", "{0D10F4FC-9D70-42AF-811E-C65CA144C170}"
EndProject
Global
	GlobalSection(SolutionConfigurationPlatforms) = preSolution
		Debug|Any CPU = Debug|Any CPU
		Release|Any CPU = Release|Any CPU
	EndGlobalSection
	GlobalSection(ProjectConfigurationPlatforms) = postSolution
		{0D10F4FC-9D70-42AF-811E-C65CA144C170}.Debug|Any CPU.ActiveCfg = Debug|Any CPU
		{0D10F4FC-9D70-42AF-811E-C65CA144C170}.Debug|Any CPU.Build.0 = Debug|Any CPU
		{0D10F4FC-9D70-42AF-811E-C65CA144C170}.Release|Any CPU.ActiveCfg = Release|Any CPU
		{0D10F4FC-9D70-42AF-811E-C65CA144C170}.Release|Any CPU.Build.0 = Release|Any CPU
	EndGlobalSection
	GlobalSection(SolutionProperties) = preSolution
		HideSolutionNode = FALSE
	EndGlobalSection
	GlobalSection(ExtensibilityGlobals) = postSolution
		SolutionGuid = {8976FF47-A85B-41AD-927D-2E346DBE0011}
	EndGlobalSection
EndGlobal
